
Microsoft Visual Studio Solution File, Format Version 12.00
# Visual Studio Version 16
VisualStudioVersion = 16.0.33927.289
MinimumVisualStudioVersion = 10.0.40219.1
Project("{2150E333-8FDC-42A3-9474-1A3956D46DE8}") = "Task0", "Task0", "{E9F4CFCE-2C91-440B-A332-BEDB50324FBD}"
EndProject
Project("{FAE04EC0-301F-11D3-BF4B-00C04F79EFBC}") = "Tyuiu.SodnomovVM.Sprint3.Task0.V8", "Tyuiu.SodnomovVM.Sprint3.Task0.V8\Tyuiu.SodnomovVM.Sprint3.Task0.V8.csproj", "{FB78F9D9-45C0-48A6-AF7A-10A247E42CDC}"
EndProject
Project("{FAE04EC0-301F-11D3-BF4B-00C04F79EFBC}") = "Tyuiu.SodnomovVM.Sprint3.Task0.V8.Test", "Tyuiu.SodnomovVM.Sprint3.Task0.V8.Test\Tyuiu.SodnomovVM.Sprint3.Task0.V8.Test.csproj", "{80DC51B2-434B-4C6F-8F42-ECA90B9BF56E}"
EndProject
Project("{FAE04EC0-301F-11D3-BF4B-00C04F79EFBC}") = "Tyuiu.SodnomovVM.Sprint3.Task0.V8.Lib", "Tyuiu.SodnomovVM.Sprint3.Task0.V8.Lib\Tyuiu.SodnomovVM.Sprint3.Task0.V8.Lib.csproj", "{F6CA4F50-52EA-4544-BFDE-CEE75E066307}"
EndProject
Global
	GlobalSection(SolutionConfigurationPlatforms) = preSolution
		Debug|Any CPU = Debug|Any CPU
		Release|Any CPU = Release|Any CPU
	EndGlobalSection
	GlobalSection(ProjectConfigurationPlatforms) = postSolution
		{FB78F9D9-45C0-48A6-AF7A-10A247E42CDC}.Debug|Any CPU.ActiveCfg = Debug|Any CPU
		{FB78F9D9-45C0-48A6-AF7A-10A247E42CDC}.Debug|Any CPU.Build.0 = Debug|Any CPU
		{FB78F9D9-45C0-48A6-AF7A-10A247E42CDC}.Release|Any CPU.ActiveCfg = Release|Any CPU
		{FB78F9D9-45C0-48A6-AF7A-10A247E42CDC}.Release|Any CPU.Build.0 = Release|Any CPU
		{80DC51B2-434B-4C6F-8F42-ECA90B9BF56E}.Debug|Any CPU.ActiveCfg = Debug|Any CPU
		{80DC51B2-434B-4C6F-8F42-ECA90B9BF56E}.Debug|Any CPU.Build.0 = Debug|Any CPU
		{80DC51B2-434B-4C6F-8F42-ECA90B9BF56E}.Release|Any CPU.ActiveCfg = Release|Any CPU
		{80DC51B2-434B-4C6F-8F42-ECA90B9BF56E}.Release|Any CPU.Build.0 = Release|Any CPU
		{F6CA4F50-52EA-4544-BFDE-CEE75E066307}.Debug|Any CPU.ActiveCfg = Debug|Any CPU
		{F6CA4F50-52EA-4544-BFDE-CEE75E066307}.Debug|Any CPU.Build.0 = Debug|Any CPU
		{F6CA4F50-52EA-4544-BFDE-CEE75E066307}.Release|Any CPU.ActiveCfg = Release|Any CPU
		{F6CA4F50-52EA-4544-BFDE-CEE75E066307}.Release|Any CPU.Build.0 = Release|Any CPU
	EndGlobalSection
	GlobalSection(SolutionProperties) = preSolution
		HideSolutionNode = FALSE
	EndGlobalSection
	GlobalSection(NestedProjects) = preSolution
		{FB78F9D9-45C0-48A6-AF7A-10A247E42CDC} = {E9F4CFCE-2C91-440B-A332-BEDB50324FBD}
		{80DC51B2-434B-4C6F-8F42-ECA90B9BF56E} = {E9F4CFCE-2C91-440B-A332-BEDB50324FBD}
		{F6CA4F50-52EA-4544-BFDE-CEE75E066307} = {E9F4CFCE-2C91-440B-A332-BEDB50324FBD}
	EndGlobalSection
	GlobalSection(ExtensibilityGlobals) = postSolution
		SolutionGuid = {3ADD4D38-9D2A-4A81-8CB4-7E795381C7F3}
	EndGlobalSection
EndGlobal
